
Microsoft Visual Studio Solution File, Format Version 12.00
# Visual Studio Version 17
VisualStudioVersion = 17.8.34330.188
MinimumVisualStudioVersion = 10.0.40219.1
Project("{9A19103F-16F7-4668-BE54-9A1E7A4F7556}") = "BlazorApp1", "BlazorApp1\BlazorApp1\BlazorApp1.csproj", "{AB25A4E9-FC45-4493-8CEE-5C9702739FA4}"
EndProject
Project("{9A19103F-16F7-4668-BE54-9A1E7A4F7556}") = "BlazorApp1.Client", "BlazorApp1\BlazorApp1.Client\BlazorApp1.Client.csproj", "{C687C13D-994A-4B27-B131-81AB2C4DFD34}"
EndProject
Global
	GlobalSection(SolutionConfigurationPlatforms) = preSolution
		Debug|Any CPU = Debug|Any CPU
		Release|Any CPU = Release|Any CPU
	EndGlobalSection
	GlobalSection(ProjectConfigurationPlatforms) = postSolution
		{AB25A4E9-FC45-4493-8CEE-5C9702739FA4}.Debug|Any CPU.ActiveCfg = Debug|Any CPU
		{AB25A4E9-FC45-4493-8CEE-5C9702739FA4}.Debug|Any CPU.Build.0 = Debug|Any CPU
		{AB25A4E9-FC45-4493-8CEE-5C9702739FA4}.Release|Any CPU.ActiveCfg = Release|Any CPU
		{AB25A4E9-FC45-4493-8CEE-5C9702739FA4}.Release|Any CPU.Build.0 = Release|Any CPU
		{C687C13D-994A-4B27-B131-81AB2C4DFD34}.Debug|Any CPU.ActiveCfg = Debug|Any CPU
		{C687C13D-994A-4B27-B131-81AB2C4DFD34}.Debug|Any CPU.Build.0 = Debug|Any CPU
		{C687C13D-994A-4B27-B131-81AB2C4DFD34}.Release|Any CPU.ActiveCfg = Release|Any CPU
		{C687C13D-994A-4B27-B131-81AB2C4DFD34}.Release|Any CPU.Build.0 = Release|Any CPU
	EndGlobalSection
	GlobalSection(SolutionProperties) = preSolution
		HideSolutionNode = FALSE
	EndGlobalSection
	GlobalSection(ExtensibilityGlobals) = postSolution
		SolutionGuid = {6AF45CD9-E080-43C7-ACC5-41144D66EE14}
	EndGlobalSection
EndGlobal
